
Microsoft Visual Studio Solution File, Format Version 12.00
# Visual Studio Version 16
VisualStudioVersion = 16.0.30709.64
MinimumVisualStudioVersion = 10.0.40219.1
Project("{9A19103F-16F7-4668-BE54-9A1E7A4F7556}") = "Floresta", "Floresta\Floresta.csproj", "{DB8588DD-078A-4D92-A50F-9EACC4E1FAFD}"
EndProject
Project("{FAE04EC0-301F-11D3-BF4B-00C04F79EFBC}") = "Floresta.Tests", "Floresta.Tests\Floresta.Tests.csproj", "{95C71723-09B0-46A0-8838-317D0E789CAF}"
EndProject
Global
	GlobalSection(SolutionConfigurationPlatforms) = preSolution
		Debug|Any CPU = Debug|Any CPU
		Release|Any CPU = Release|Any CPU
	EndGlobalSection
	GlobalSection(ProjectConfigurationPlatforms) = postSolution
		{DB8588DD-078A-4D92-A50F-9EACC4E1FAFD}.Debug|Any CPU.ActiveCfg = Debug|Any CPU
		{DB8588DD-078A-4D92-A50F-9EACC4E1FAFD}.Debug|Any CPU.Build.0 = Debug|Any CPU
		{DB8588DD-078A-4D92-A50F-9EACC4E1FAFD}.Release|Any CPU.ActiveCfg = Release|Any CPU
		{DB8588DD-078A-4D92-A50F-9EACC4E1FAFD}.Release|Any CPU.Build.0 = Release|Any CPU
		{95C71723-09B0-46A0-8838-317D0E789CAF}.Debug|Any CPU.ActiveCfg = Debug|Any CPU
		{95C71723-09B0-46A0-8838-317D0E789CAF}.Debug|Any CPU.Build.0 = Debug|Any CPU
		{95C71723-09B0-46A0-8838-317D0E789CAF}.Release|Any CPU.ActiveCfg = Release|Any CPU
		{95C71723-09B0-46A0-8838-317D0E789CAF}.Release|Any CPU.Build.0 = Release|Any CPU
	EndGlobalSection
	GlobalSection(SolutionProperties) = preSolution
		HideSolutionNode = FALSE
	EndGlobalSection
	GlobalSection(ExtensibilityGlobals) = postSolution
		SolutionGuid = {CF7D0983-3B35-4678-854B-2EAAAF930E27}
	EndGlobalSection
EndGlobal
